
Microsoft Visual Studio Solution File, Format Version 12.00
# Visual Studio Version 17
VisualStudioVersion = 17.14.36908.2
MinimumVisualStudioVersion = 10.0.40219.1
Project("{FAE04EC0-301F-11D3-BF4B-00C04F79EFBC}") = "CapaPresentacion", "CapaPresentacion.csproj", "{D890EE18-A6C5-4F6F-840F-3836103E53C0}"
EndProject
Project("{FAE04EC0-301F-11D3-BF4B-00C04F79EFBC}") = "CapaNegocio", "..\CapaNegocio\CapaNegocio.csproj", "{87C0B156-96AB-484A-B82E-528A6089CA8A}"
EndProject
Project("{FAE04EC0-301F-11D3-BF4B-00C04F79EFBC}") = "CapaDatos", "..\CapaDatos\CapaDatos.csproj", "{72092971-3BC8-4D8B-B8EC-29D3818FBAE8}"
EndProject
Project("{FAE04EC0-301F-11D3-BF4B-00C04F79EFBC}") = "ProyectoPruebas", "..\ProyectoPruebas\ProyectoPruebas.csproj", "{16F8DA11-7905-4A4B-8899-A737BA295B32}"
EndProject
Project("{FAE04EC0-301F-11D3-BF4B-00C04F79EFBC}") = "ProyectoPruebas_Integracion", "..\ProyectoPruebas_Integracion\ProyectoPruebas_Integracion.csproj", "{618E4E9C-791C-4618-ABDC-217798E71A7F}"
EndProject
Global
	GlobalSection(SolutionConfigurationPlatforms) = preSolution
		Debug|Any CPU = Debug|Any CPU
		Release|Any CPU = Release|Any CPU
	EndGlobalSection
	GlobalSection(ProjectConfigurationPlatforms) = postSolution
		{D890EE18-A6C5-4F6F-840F-3836103E53C0}.Debug|Any CPU.ActiveCfg = Debug|Any CPU
		{D890EE18-A6C5-4F6F-840F-3836103E53C0}.Debug|Any CPU.Build.0 = Debug|Any CPU
		{D890EE18-A6C5-4F6F-840F-3836103E53C0}.Release|Any CPU.ActiveCfg = Release|Any CPU
		{D890EE18-A6C5-4F6F-840F-3836103E53C0}.Release|Any CPU.Build.0 = Release|Any CPU
		{87C0B156-96AB-484A-B82E-528A6089CA8A}.Debug|Any CPU.ActiveCfg = Debug|Any CPU
		{87C0B156-96AB-484A-B82E-528A6089CA8A}.Debug|Any CPU.Build.0 = Debug|Any CPU
		{87C0B156-96AB-484A-B82E-528A6089CA8A}.Release|Any CPU.ActiveCfg = Release|Any CPU
		{87C0B156-96AB-484A-B82E-528A6089CA8A}.Release|Any CPU.Build.0 = Release|Any CPU
		{72092971-3BC8-4D8B-B8EC-29D3818FBAE8}.Debug|Any CPU.ActiveCfg = Debug|Any CPU
		{72092971-3BC8-4D8B-B8EC-29D3818FBAE8}.Debug|Any CPU.Build.0 = Debug|Any CPU
		{72092971-3BC8-4D8B-B8EC-29D3818FBAE8}.Release|Any CPU.ActiveCfg = Release|Any CPU
		{72092971-3BC8-4D8B-B8EC-29D3818FBAE8}.Release|Any CPU.Build.0 = Release|Any CPU
		{16F8DA11-7905-4A4B-8899-A737BA295B32}.Debug|Any CPU.ActiveCfg = Debug|Any CPU
		{16F8DA11-7905-4A4B-8899-A737BA295B32}.Debug|Any CPU.Build.0 = Debug|Any CPU
		{16F8DA11-7905-4A4B-8899-A737BA295B32}.Release|Any CPU.ActiveCfg = Release|Any CPU
		{16F8DA11-7905-4A4B-8899-A737BA295B32}.Release|Any CPU.Build.0 = Release|Any CPU
		{618E4E9C-791C-4618-ABDC-217798E71A7F}.Debug|Any CPU.ActiveCfg = Debug|Any CPU
		{618E4E9C-791C-4618-ABDC-217798E71A7F}.Debug|Any CPU.Build.0 = Debug|Any CPU
		{618E4E9C-791C-4618-ABDC-217798E71A7F}.Release|Any CPU.ActiveCfg = Release|Any CPU
		{618E4E9C-791C-4618-ABDC-217798E71A7F}.Release|Any CPU.Build.0 = Release|Any CPU
	EndGlobalSection
	GlobalSection(SolutionProperties) = preSolution
		HideSolutionNode = FALSE
	EndGlobalSection
	GlobalSection(ExtensibilityGlobals) = postSolution
		SolutionGuid = {A89C86DD-2330-408F-B80C-FCED1792D053}
	EndGlobalSection
EndGlobal
